{
  "name": "phase",
  "version": "0.1.0",
  "lockfileVersion": 2,
  "requires": true,
  "packages": {
    "": {
      "version": "0.1.0",
      "license": "ISC",
      "dependencies": {
        "@types/winston": "^2.4.4",
        "amqplib": "^0.7.1",
        "amqplib-auto-recovery": "^0.2.0",
        "bs-platform": "^9.0.2"
      },
      "devDependencies": {
        "@types/amqplib": "^0.5.12",
        "@types/node": "^12.0.1",
        "terrariaserver-lite": "file:../../TerrariaServer-Lite/pluginreference",
        "typescript": "^3.9.3"
      }
    },
    "../../TerrariaServer-Lite/pluginreference": {
      "name": "terrariaserver-lite",
      "version": "0.0.1",
      "dev": true,
      "dependencies": {
        "@glennsl/bs-json": "^5.0.2",
        "@popstarfreas/packetfactory": "^2.0.0",
        "@rollup/plugin-commonjs": "^17.1.0",
        "@rollup/plugin-json": "^4.1.0",
        "@rollup/plugin-node-resolve": "^11.2.0",
        "@types/bcryptjs": "^2.4.2",
        "@types/glob": "^5.0.35",
        "@types/mysql": "0.0.33",
        "@types/node": "^10.14.1",
        "@types/redis": "^2.8.6",
        "@types/uuid": "^3.4.4",
        "bcryptjs": "^2.4.3",
        "bs-platform": "^9.0.2",
        "fs-extra": "^7.0.1",
        "glob": "^7.1.2",
        "lodash": "^4.17.21",
        "mysql": "^2.15.0",
        "reason-nodejs": "github:sikanhe/reason-nodejs",
        "redis": "^2.8.0",
        "require-nocache": "^1.0.0",
        "requirejs": "^2.3.5",
        "rollup": "^2.42.1",
        "sqlite": "^3.0.3",
        "typescript": "^4.1.3",
        "utf8": "^2.1.2",
        "uuid": "^3.2.1",
        "winston": "3.3.3",
        "winston-daily-rotate-file": "^4.5.0"
      }
    },
    "node_modules/@dabh/diagnostics": {
      "version": "2.0.2",
      "license": "MIT",
      "dependencies": {
        "colorspace": "1.1.x",
        "enabled": "2.0.x",
        "kuler": "^2.0.0"
      }
    },
    "node_modules/@types/amqplib": {
      "version": "0.5.12",
      "dev": true,
      "license": "MIT",
      "dependencies": {
        "@types/bluebird": "*",
        "@types/node": "*"
      }
    },
    "node_modules/@types/bluebird": {
      "version": "3.5.27",
      "dev": true,
      "license": "MIT"
    },
    "node_modules/@types/node": {
      "version": "12.0.1",
      "dev": true,
      "license": "MIT"
    },
    "node_modules/@types/winston": {
      "version": "2.4.4",
      "license": "MIT",
      "dependencies": {
        "winston": "*"
      }
    },
    "node_modules/amqplib": {
      "version": "0.7.1",
      "license": "MIT",
      "dependencies": {
        "bitsyntax": "~0.1.0",
        "bluebird": "^3.7.2",
        "buffer-more-ints": "~1.0.0",
        "readable-stream": "1.x >=1.1.9",
        "safe-buffer": "~5.2.1",
        "url-parse": "~1.5.1"
      },
      "engines": {
        "node": ">=0.8 <=15"
      }
    },
    "node_modules/amqplib-auto-recovery": {
      "version": "0.2.0",
      "license": "MIT",
      "dependencies": {
        "backoff": "^2.5.0"
      },
      "engines": {
        "node": ">=6"
      }
    },
    "node_modules/amqplib/node_modules/isarray": {
      "version": "0.0.1",
      "license": "MIT"
    },
    "node_modules/amqplib/node_modules/readable-stream": {
      "version": "1.1.14",
      "license": "MIT",
      "dependencies": {
        "core-util-is": "~1.0.0",
        "inherits": "~2.0.1",
        "isarray": "0.0.1",
        "string_decoder": "~0.10.x"
      }
    },
    "node_modules/amqplib/node_modules/string_decoder": {
      "version": "0.10.31",
      "license": "MIT"
    },
    "node_modules/async": {
      "version": "3.2.0",
      "license": "MIT"
    },
    "node_modules/backoff": {
      "version": "2.5.0",
      "license": "MIT",
      "dependencies": {
        "precond": "0.2"
      },
      "engines": {
        "node": ">= 0.6"
      }
    },
    "node_modules/bitsyntax": {
      "version": "0.1.0",
      "license": "MIT",
      "dependencies": {
        "buffer-more-ints": "~1.0.0",
        "debug": "~2.6.9",
        "safe-buffer": "~5.1.2"
      },
      "engines": {
        "node": ">=0.8"
      }
    },
    "node_modules/bitsyntax/node_modules/safe-buffer": {
      "version": "5.1.2",
      "license": "MIT"
    },
    "node_modules/bluebird": {
      "version": "3.7.2",
      "license": "MIT"
    },
    "node_modules/bs-platform": {
      "version": "9.0.2",
      "hasInstallScript": true,
      "license": "SEE LICENSE IN LICENSE",
      "bin": {
        "bsb": "bsb",
        "bsc": "bsc",
        "bsrefmt": "bsrefmt",
        "bstracing": "lib/bstracing"
      }
    },
    "node_modules/buffer-more-ints": {
      "version": "1.0.0",
      "license": "MIT"
    },
    "node_modules/color": {
      "version": "3.0.0",
      "license": "MIT",
      "dependencies": {
        "color-convert": "^1.9.1",
        "color-string": "^1.5.2"
      }
    },
    "node_modules/color-convert": {
      "version": "1.9.3",
      "license": "MIT",
      "dependencies": {
        "color-name": "1.1.3"
      }
    },
    "node_modules/color-name": {
      "version": "1.1.3",
      "license": "MIT"
    },
    "node_modules/color-string": {
      "version": "1.5.5",
      "license": "MIT",
      "dependencies": {
        "color-name": "^1.0.0",
        "simple-swizzle": "^0.2.2"
      }
    },
    "node_modules/colors": {
      "version": "1.4.0",
      "license": "MIT",
      "engines": {
        "node": ">=0.1.90"
      }
    },
    "node_modules/colorspace": {
      "version": "1.1.2",
      "license": "MIT",
      "dependencies": {
        "color": "3.0.x",
        "text-hex": "1.0.x"
      }
    },
    "node_modules/core-util-is": {
      "version": "1.0.2",
      "license": "MIT"
    },
    "node_modules/debug": {
      "version": "2.6.9",
      "license": "MIT",
      "dependencies": {
        "ms": "2.0.0"
      }
    },
    "node_modules/debug/node_modules/ms": {
      "version": "2.0.0",
      "license": "MIT"
    },
    "node_modules/enabled": {
      "version": "2.0.0",
      "license": "MIT"
    },
    "node_modules/fast-safe-stringify": {
      "version": "2.0.7",
      "license": "MIT"
    },
    "node_modules/fecha": {
      "version": "4.2.0",
      "license": "MIT"
    },
    "node_modules/fn.name": {
      "version": "1.1.0",
      "license": "MIT"
    },
    "node_modules/inherits": {
      "version": "2.0.4",
      "license": "ISC"
    },
    "node_modules/is-arrayish": {
      "version": "0.3.2",
      "license": "MIT"
    },
    "node_modules/is-stream": {
      "version": "2.0.0",
      "license": "MIT",
      "engines": {
        "node": ">=8"
      }
    },
    "node_modules/isarray": {
      "version": "1.0.0",
      "license": "MIT"
    },
    "node_modules/kuler": {
      "version": "2.0.0",
      "license": "MIT"
    },
    "node_modules/logform": {
      "version": "2.2.0",
      "license": "MIT",
      "dependencies": {
        "colors": "^1.2.1",
        "fast-safe-stringify": "^2.0.4",
        "fecha": "^4.2.0",
        "ms": "^2.1.1",
        "triple-beam": "^1.3.0"
      }
    },
    "node_modules/ms": {
      "version": "2.1.3",
      "license": "MIT"
    },
    "node_modules/one-time": {
      "version": "1.0.0",
      "license": "MIT",
      "dependencies": {
        "fn.name": "1.x.x"
      }
    },
    "node_modules/precond": {
      "version": "0.2.3",
      "engines": {
        "node": ">= 0.6"
      }
    },
    "node_modules/process-nextick-args": {
      "version": "2.0.1",
      "license": "MIT"
    },
    "node_modules/querystringify": {
      "version": "2.2.0",
      "license": "MIT"
    },
    "node_modules/readable-stream": {
      "version": "3.6.0",
      "license": "MIT",
      "dependencies": {
        "inherits": "^2.0.3",
        "string_decoder": "^1.1.1",
        "util-deprecate": "^1.0.1"
      },
      "engines": {
        "node": ">= 6"
      }
    },
    "node_modules/requires-port": {
      "version": "1.0.0",
      "license": "MIT"
    },
    "node_modules/safe-buffer": {
      "version": "5.2.1",
      "funding": [
        {
          "type": "github",
          "url": "https://github.com/sponsors/feross"
        },
        {
          "type": "patreon",
          "url": "https://www.patreon.com/feross"
        },
        {
          "type": "consulting",
          "url": "https://feross.org/support"
        }
      ],
      "license": "MIT"
    },
    "node_modules/simple-swizzle": {
      "version": "0.2.2",
      "license": "MIT",
      "dependencies": {
        "is-arrayish": "^0.3.1"
      }
    },
    "node_modules/stack-trace": {
      "version": "0.0.10",
      "license": "MIT",
      "engines": {
        "node": "*"
      }
    },
    "node_modules/string_decoder": {
      "version": "1.3.0",
      "license": "MIT",
      "dependencies": {
        "safe-buffer": "~5.2.0"
      }
    },
    "node_modules/terrariaserver-lite": {
      "resolved": "../../TerrariaServer-Lite/pluginreference",
      "link": true
    },
    "node_modules/text-hex": {
      "version": "1.0.0",
      "license": "MIT"
    },
    "node_modules/triple-beam": {
      "version": "1.3.0",
      "license": "MIT"
    },
    "node_modules/typescript": {
      "version": "3.9.3",
      "dev": true,
      "license": "Apache-2.0",
      "bin": {
        "tsc": "bin/tsc",
        "tsserver": "bin/tsserver"
      },
      "engines": {
        "node": ">=4.2.0"
      }
    },
    "node_modules/url-parse": {
      "version": "1.5.7",
      "resolved": "https://registry.npmjs.org/url-parse/-/url-parse-1.5.7.tgz",
      "integrity": "sha512-HxWkieX+STA38EDk7CE9MEryFeHCKzgagxlGvsdS7WBImq9Mk+PGwiT56w82WI3aicwJA8REp42Cxo98c8FZMA==",
      "dependencies": {
        "querystringify": "^2.1.1",
        "requires-port": "^1.0.0"
      }
    },
    "node_modules/util-deprecate": {
      "version": "1.0.2",
      "license": "MIT"
    },
    "node_modules/winston": {
      "version": "3.3.3",
      "license": "MIT",
      "dependencies": {
        "@dabh/diagnostics": "^2.0.2",
        "async": "^3.1.0",
        "is-stream": "^2.0.0",
        "logform": "^2.2.0",
        "one-time": "^1.0.0",
        "readable-stream": "^3.4.0",
        "stack-trace": "0.0.x",
        "triple-beam": "^1.3.0",
        "winston-transport": "^4.4.0"
      },
      "engines": {
        "node": ">= 6.4.0"
      }
    },
    "node_modules/winston-transport": {
      "version": "4.4.0",
      "license": "MIT",
      "dependencies": {
        "readable-stream": "^2.3.7",
        "triple-beam": "^1.2.0"
      },
      "engines": {
        "node": ">= 6.4.0"
      }
    },
    "node_modules/winston-transport/node_modules/readable-stream": {
      "version": "2.3.7",
      "license": "MIT",
      "dependencies": {
        "core-util-is": "~1.0.0",
        "inherits": "~2.0.3",
        "isarray": "~1.0.0",
        "process-nextick-args": "~2.0.0",
        "safe-buffer": "~5.1.1",
        "string_decoder": "~1.1.1",
        "util-deprecate": "~1.0.1"
      }
    },
    "node_modules/winston-transport/node_modules/safe-buffer": {
      "version": "5.1.2",
      "license": "MIT"
    },
    "node_modules/winston-transport/node_modules/string_decoder": {
      "version": "1.1.1",
      "license": "MIT",
      "dependencies": {
        "safe-buffer": "~5.1.0"
      }
    }
  },
  "dependencies": {
    "@dabh/diagnostics": {
      "version": "2.0.2",
      "requires": {
        "colorspace": "1.1.x",
        "enabled": "2.0.x",
        "kuler": "^2.0.0"
      }
    },
    "@types/amqplib": {
      "version": "0.5.12",
      "dev": true,
      "requires": {
        "@types/bluebird": "*",
        "@types/node": "*"
      }
    },
    "@types/bluebird": {
      "version": "3.5.27",
      "dev": true
    },
    "@types/node": {
      "version": "12.0.1",
      "dev": true
    },
    "@types/winston": {
      "version": "2.4.4",
      "requires": {
        "winston": "*"
      }
    },
    "amqplib": {
      "version": "0.7.1",
      "requires": {
        "bitsyntax": "~0.1.0",
        "bluebird": "^3.7.2",
        "buffer-more-ints": "~1.0.0",
        "readable-stream": "1.x >=1.1.9",
        "safe-buffer": "~5.2.1",
        "url-parse": "~1.5.1"
      },
      "dependencies": {
        "isarray": {
          "version": "0.0.1"
        },
        "readable-stream": {
          "version": "1.1.14",
          "requires": {
            "core-util-is": "~1.0.0",
            "inherits": "~2.0.1",
            "isarray": "0.0.1",
            "string_decoder": "~0.10.x"
          }
        },
        "string_decoder": {
          "version": "0.10.31"
        }
      }
    },
    "amqplib-auto-recovery": {
      "version": "0.2.0",
      "requires": {
        "backoff": "^2.5.0"
      }
    },
    "async": {
      "version": "3.2.0"
    },
    "backoff": {
      "version": "2.5.0",
      "requires": {
        "precond": "0.2"
      }
    },
    "bitsyntax": {
      "version": "0.1.0",
      "requires": {
        "buffer-more-ints": "~1.0.0",
        "debug": "~2.6.9",
        "safe-buffer": "~5.1.2"
      },
      "dependencies": {
        "safe-buffer": {
          "version": "5.1.2"
        }
      }
    },
    "bluebird": {
      "version": "3.7.2"
    },
    "bs-platform": {
      "version": "9.0.2"
    },
    "buffer-more-ints": {
      "version": "1.0.0"
    },
    "color": {
      "version": "3.0.0",
      "requires": {
        "color-convert": "^1.9.1",
        "color-string": "^1.5.2"
      }
    },
    "color-convert": {
      "version": "1.9.3",
      "requires": {
        "color-name": "1.1.3"
      }
    },
    "color-name": {
      "version": "1.1.3"
    },
    "color-string": {
      "version": "1.5.5",
      "requires": {
        "color-name": "^1.0.0",
        "simple-swizzle": "^0.2.2"
      }
    },
    "colors": {
      "version": "1.4.0"
    },
    "colorspace": {
      "version": "1.1.2",
      "requires": {
        "color": "3.0.x",
        "text-hex": "1.0.x"
      }
    },
    "core-util-is": {
      "version": "1.0.2"
    },
    "debug": {
      "version": "2.6.9",
      "requires": {
        "ms": "2.0.0"
      },
      "dependencies": {
        "ms": {
          "version": "2.0.0"
        }
      }
    },
    "enabled": {
      "version": "2.0.0"
    },
    "fast-safe-stringify": {
      "version": "2.0.7"
    },
    "fecha": {
      "version": "4.2.0"
    },
    "fn.name": {
      "version": "1.1.0"
    },
    "inherits": {
      "version": "2.0.4"
    },
    "is-arrayish": {
      "version": "0.3.2"
    },
    "is-stream": {
      "version": "2.0.0"
    },
    "isarray": {
      "version": "1.0.0"
    },
    "kuler": {
      "version": "2.0.0"
    },
    "logform": {
      "version": "2.2.0",
      "requires": {
        "colors": "^1.2.1",
        "fast-safe-stringify": "^2.0.4",
        "fecha": "^4.2.0",
        "ms": "^2.1.1",
        "triple-beam": "^1.3.0"
      }
    },
    "ms": {
      "version": "2.1.3"
    },
    "one-time": {
      "version": "1.0.0",
      "requires": {
        "fn.name": "1.x.x"
      }
    },
    "precond": {
      "version": "0.2.3"
    },
    "process-nextick-args": {
      "version": "2.0.1"
    },
    "querystringify": {
      "version": "2.2.0"
    },
    "readable-stream": {
      "version": "3.6.0",
      "requires": {
        "inherits": "^2.0.3",
        "string_decoder": "^1.1.1",
        "util-deprecate": "^1.0.1"
      }
    },
    "requires-port": {
      "version": "1.0.0"
    },
    "safe-buffer": {
      "version": "5.2.1"
    },
    "simple-swizzle": {
      "version": "0.2.2",
      "requires": {
        "is-arrayish": "^0.3.1"
      }
    },
    "stack-trace": {
      "version": "0.0.10"
    },
    "string_decoder": {
      "version": "1.3.0",
      "requires": {
        "safe-buffer": "~5.2.0"
      }
    },
    "terrariaserver-lite": {
      "version": "file:../../TerrariaServer-Lite/pluginreference",
      "requires": {
        "@glennsl/bs-json": "^5.0.2",
        "@popstarfreas/packetfactory": "^2.0.0",
        "@rollup/plugin-commonjs": "^17.1.0",
        "@rollup/plugin-json": "^4.1.0",
        "@rollup/plugin-node-resolve": "^11.2.0",
        "@types/bcryptjs": "^2.4.2",
        "@types/glob": "^5.0.35",
        "@types/mysql": "0.0.33",
        "@types/node": "^10.14.1",
        "@types/redis": "^2.8.6",
        "@types/uuid": "^3.4.4",
        "bcryptjs": "^2.4.3",
        "bs-platform": "^9.0.2",
        "fs-extra": "^7.0.1",
        "glob": "^7.1.2",
        "lodash": "^4.17.21",
        "mysql": "^2.15.0",
        "reason-nodejs": "github:sikanhe/reason-nodejs",
        "redis": "^2.8.0",
        "require-nocache": "^1.0.0",
        "requirejs": "^2.3.5",
        "rollup": "^2.42.1",
        "sqlite": "^3.0.3",
        "typescript": "^4.1.3",
        "utf8": "^2.1.2",
        "uuid": "^3.2.1",
        "winston": "3.3.3",
        "winston-daily-rotate-file": "^4.5.0"
      }
    },
    "text-hex": {
      "version": "1.0.0"
    },
    "triple-beam": {
      "version": "1.3.0"
    },
    "typescript": {
      "version": "3.9.3",
      "dev": true
    },
    "url-parse": {
      "version": "1.5.7",
      "resolved": "https://registry.npmjs.org/url-parse/-/url-parse-1.5.7.tgz",
      "integrity": "sha512-HxWkieX+STA38EDk7CE9MEryFeHCKzgagxlGvsdS7WBImq9Mk+PGwiT56w82WI3aicwJA8REp42Cxo98c8FZMA==",
      "requires": {
        "querystringify": "^2.1.1",
        "requires-port": "^1.0.0"
      }
    },
    "util-deprecate": {
      "version": "1.0.2"
    },
    "winston": {
      "version": "3.3.3",
      "requires": {
        "@dabh/diagnostics": "^2.0.2",
        "async": "^3.1.0",
        "is-stream": "^2.0.0",
        "logform": "^2.2.0",
        "one-time": "^1.0.0",
        "readable-stream": "^3.4.0",
        "stack-trace": "0.0.x",
        "triple-beam": "^1.3.0",
        "winston-transport": "^4.4.0"
      }
    },
    "winston-transport": {
      "version": "4.4.0",
      "requires": {
        "readable-stream": "^2.3.7",
        "triple-beam": "^1.2.0"
      },
      "dependencies": {
        "readable-stream": {
          "version": "2.3.7",
          "requires": {
            "core-util-is": "~1.0.0",
            "inherits": "~2.0.3",
            "isarray": "~1.0.0",
            "process-nextick-args": "~2.0.0",
            "safe-buffer": "~5.1.1",
            "string_decoder": "~1.1.1",
            "util-deprecate": "~1.0.1"
          }
        },
        "safe-buffer": {
          "version": "5.1.2"
        },
        "string_decoder": {
          "version": "1.1.1",
          "requires": {
            "safe-buffer": "~5.1.0"
          }
        }
      }
    }
  }
}
